
Microsoft Visual Studio Solution File, Format Version 12.00
# Visual Studio Version 16
VisualStudioVersion = 16.0.30114.105
MinimumVisualStudioVersion = 10.0.40219.1
Project("{FAE04EC0-301F-11D3-BF4B-00C04F79EFBC}") = "Factory Method", "Factory Method\Factory Method.csproj", "{2DFB2F1C-46A1-44B9-B1B2-BC48EBD97C89}"
EndProject
Project("{FAE04EC0-301F-11D3-BF4B-00C04F79EFBC}") = "Abstract Factory", "Abstract Factory\Abstract Factory.csproj", "{CE28EFE8-5389-4436-A3E0-3D6AD0B721B0}"
EndProject
Project("{FAE04EC0-301F-11D3-BF4B-00C04F79EFBC}") = "Singleton", "Singleton\Singleton.csproj", "{AE7994ED-812A-435E-B05C-DD7104573949}"
EndProject
Project("{FAE04EC0-301F-11D3-BF4B-00C04F79EFBC}") = "Builder", "Builder\Builder.csproj", "{FF132C4A-5256-44BB-AEAD-012645F61A91}"
EndProject
Project("{FAE04EC0-301F-11D3-BF4B-00C04F79EFBC}") = "Prototype", "Prototype\Prototype.csproj", "{D768E5ED-3AEC-46AF-9DF4-5B01DAF83CC4}"
EndProject
Project("{FAE04EC0-301F-11D3-BF4B-00C04F79EFBC}") = "Adapter", "Adapter\Adapter.csproj", "{A3E8A044-2549-47F2-AECB-B9DEB64031FF}"
EndProject
Project("{FAE04EC0-301F-11D3-BF4B-00C04F79EFBC}") = "Flyweight", "Flyweight\Flyweight.csproj", "{E1890E88-596F-4B02-8274-F412CE40C4D5}"
EndProject
Project("{FAE04EC0-301F-11D3-BF4B-00C04F79EFBC}") = "Bridge", "Bridge\Bridge.csproj", "{46D68F96-682F-4E68-B02F-6744BA7A64B9}"
EndProject
Project("{FAE04EC0-301F-11D3-BF4B-00C04F79EFBC}") = "Composite", "Composite\Composite.csproj", "{B8328CB4-4C6A-4D4A-BDB2-3E42AD569104}"
EndProject
Project("{FAE04EC0-301F-11D3-BF4B-00C04F79EFBC}") = "Decorator", "Decorator\Decorator.csproj", "{D3C09F2C-DA26-44A7-85CD-11EFB5AAD8EF}"
EndProject
Project("{FAE04EC0-301F-11D3-BF4B-00C04F79EFBC}") = "Facade", "Facade\Facade.csproj", "{EBFECD67-E969-4CBC-8E88-961F0414B65A}"
EndProject
Project("{FAE04EC0-301F-11D3-BF4B-00C04F79EFBC}") = "Proxy", "Proxy\Proxy.csproj", "{45AFF465-2C24-43A5-BE60-D42FDCB9C036}"
EndProject
Project("{FAE04EC0-301F-11D3-BF4B-00C04F79EFBC}") = "Template Method", "Template Method\Template Method.csproj", "{D8905DF7-3820-4D0F-841D-C42D5195821B}"
EndProject
Project("{FAE04EC0-301F-11D3-BF4B-00C04F79EFBC}") = "Interpreter", "Interpreter\Interpreter.csproj", "{D1A08F99-96CD-4505-9875-B06C50E114D4}"
EndProject
Project("{FAE04EC0-301F-11D3-BF4B-00C04F79EFBC}") = "Observer", "Observer\Observer.csproj", "{EACE01D2-00D7-4A58-91CC-97D4E8013210}"
EndProject
Global
	GlobalSection(SolutionConfigurationPlatforms) = preSolution
		Debug|Any CPU = Debug|Any CPU
		Debug|x64 = Debug|x64
		Debug|x86 = Debug|x86
		Release|Any CPU = Release|Any CPU
		Release|x64 = Release|x64
		Release|x86 = Release|x86
	EndGlobalSection
	GlobalSection(SolutionProperties) = preSolution
		HideSolutionNode = FALSE
	EndGlobalSection
	GlobalSection(ProjectConfigurationPlatforms) = postSolution
		{2DFB2F1C-46A1-44B9-B1B2-BC48EBD97C89}.Debug|Any CPU.ActiveCfg = Debug|Any CPU
		{2DFB2F1C-46A1-44B9-B1B2-BC48EBD97C89}.Debug|Any CPU.Build.0 = Debug|Any CPU
		{2DFB2F1C-46A1-44B9-B1B2-BC48EBD97C89}.Debug|x64.ActiveCfg = Debug|Any CPU
		{2DFB2F1C-46A1-44B9-B1B2-BC48EBD97C89}.Debug|x64.Build.0 = Debug|Any CPU
		{2DFB2F1C-46A1-44B9-B1B2-BC48EBD97C89}.Debug|x86.ActiveCfg = Debug|Any CPU
		{2DFB2F1C-46A1-44B9-B1B2-BC48EBD97C89}.Debug|x86.Build.0 = Debug|Any CPU
		{2DFB2F1C-46A1-44B9-B1B2-BC48EBD97C89}.Release|Any CPU.ActiveCfg = Release|Any CPU
		{2DFB2F1C-46A1-44B9-B1B2-BC48EBD97C89}.Release|Any CPU.Build.0 = Release|Any CPU
		{2DFB2F1C-46A1-44B9-B1B2-BC48EBD97C89}.Release|x64.ActiveCfg = Release|Any CPU
		{2DFB2F1C-46A1-44B9-B1B2-BC48EBD97C89}.Release|x64.Build.0 = Release|Any CPU
		{2DFB2F1C-46A1-44B9-B1B2-BC48EBD97C89}.Release|x86.ActiveCfg = Release|Any CPU
		{2DFB2F1C-46A1-44B9-B1B2-BC48EBD97C89}.Release|x86.Build.0 = Release|Any CPU
		{CE28EFE8-5389-4436-A3E0-3D6AD0B721B0}.Debug|Any CPU.ActiveCfg = Debug|Any CPU
		{CE28EFE8-5389-4436-A3E0-3D6AD0B721B0}.Debug|Any CPU.Build.0 = Debug|Any CPU
		{CE28EFE8-5389-4436-A3E0-3D6AD0B721B0}.Debug|x64.ActiveCfg = Debug|Any CPU
		{CE28EFE8-5389-4436-A3E0-3D6AD0B721B0}.Debug|x64.Build.0 = Debug|Any CPU
		{CE28EFE8-5389-4436-A3E0-3D6AD0B721B0}.Debug|x86.ActiveCfg = Debug|Any CPU
		{CE28EFE8-5389-4436-A3E0-3D6AD0B721B0}.Debug|x86.Build.0 = Debug|Any CPU
		{CE28EFE8-5389-4436-A3E0-3D6AD0B721B0}.Release|Any CPU.ActiveCfg = Release|Any CPU
		{CE28EFE8-5389-4436-A3E0-3D6AD0B721B0}.Release|Any CPU.Build.0 = Release|Any CPU
		{CE28EFE8-5389-4436-A3E0-3D6AD0B721B0}.Release|x64.ActiveCfg = Release|Any CPU
		{CE28EFE8-5389-4436-A3E0-3D6AD0B721B0}.Release|x64.Build.0 = Release|Any CPU
		{CE28EFE8-5389-4436-A3E0-3D6AD0B721B0}.Release|x86.ActiveCfg = Release|Any CPU
		{CE28EFE8-5389-4436-A3E0-3D6AD0B721B0}.Release|x86.Build.0 = Release|Any CPU
		{AE7994ED-812A-435E-B05C-DD7104573949}.Debug|Any CPU.ActiveCfg = Debug|Any CPU
		{AE7994ED-812A-435E-B05C-DD7104573949}.Debug|Any CPU.Build.0 = Debug|Any CPU
		{AE7994ED-812A-435E-B05C-DD7104573949}.Debug|x64.ActiveCfg = Debug|Any CPU
		{AE7994ED-812A-435E-B05C-DD7104573949}.Debug|x64.Build.0 = Debug|Any CPU
		{AE7994ED-812A-435E-B05C-DD7104573949}.Debug|x86.ActiveCfg = Debug|Any CPU
		{AE7994ED-812A-435E-B05C-DD7104573949}.Debug|x86.Build.0 = Debug|Any CPU
		{AE7994ED-812A-435E-B05C-DD7104573949}.Release|Any CPU.ActiveCfg = Release|Any CPU
		{AE7994ED-812A-435E-B05C-DD7104573949}.Release|Any CPU.Build.0 = Release|Any CPU
		{AE7994ED-812A-435E-B05C-DD7104573949}.Release|x64.ActiveCfg = Release|Any CPU
		{AE7994ED-812A-435E-B05C-DD7104573949}.Release|x64.Build.0 = Release|Any CPU
		{AE7994ED-812A-435E-B05C-DD7104573949}.Release|x86.ActiveCfg = Release|Any CPU
		{AE7994ED-812A-435E-B05C-DD7104573949}.Release|x86.Build.0 = Release|Any CPU
		{FF132C4A-5256-44BB-AEAD-012645F61A91}.Debug|Any CPU.ActiveCfg = Debug|Any CPU
		{FF132C4A-5256-44BB-AEAD-012645F61A91}.Debug|Any CPU.Build.0 = Debug|Any CPU
		{FF132C4A-5256-44BB-AEAD-012645F61A91}.Debug|x64.ActiveCfg = Debug|Any CPU
		{FF132C4A-5256-44BB-AEAD-012645F61A91}.Debug|x64.Build.0 = Debug|Any CPU
		{FF132C4A-5256-44BB-AEAD-012645F61A91}.Debug|x86.ActiveCfg = Debug|Any CPU
		{FF132C4A-5256-44BB-AEAD-012645F61A91}.Debug|x86.Build.0 = Debug|Any CPU
		{FF132C4A-5256-44BB-AEAD-012645F61A91}.Release|Any CPU.ActiveCfg = Release|Any CPU
		{FF132C4A-5256-44BB-AEAD-012645F61A91}.Release|Any CPU.Build.0 = Release|Any CPU
		{FF132C4A-5256-44BB-AEAD-012645F61A91}.Release|x64.ActiveCfg = Release|Any CPU
		{FF132C4A-5256-44BB-AEAD-012645F61A91}.Release|x64.Build.0 = Release|Any CPU
		{FF132C4A-5256-44BB-AEAD-012645F61A91}.Release|x86.ActiveCfg = Release|Any CPU
		{FF132C4A-5256-44BB-AEAD-012645F61A91}.Release|x86.Build.0 = Release|Any CPU
		{D768E5ED-3AEC-46AF-9DF4-5B01DAF83CC4}.Debug|Any CPU.ActiveCfg = Debug|Any CPU
		{D768E5ED-3AEC-46AF-9DF4-5B01DAF83CC4}.Debug|Any CPU.Build.0 = Debug|Any CPU
		{D768E5ED-3AEC-46AF-9DF4-5B01DAF83CC4}.Debug|x64.ActiveCfg = Debug|Any CPU
		{D768E5ED-3AEC-46AF-9DF4-5B01DAF83CC4}.Debug|x64.Build.0 = Debug|Any CPU
		{D768E5ED-3AEC-46AF-9DF4-5B01DAF83CC4}.Debug|x86.ActiveCfg = Debug|Any CPU
		{D768E5ED-3AEC-46AF-9DF4-5B01DAF83CC4}.Debug|x86.Build.0 = Debug|Any CPU
		{D768E5ED-3AEC-46AF-9DF4-5B01DAF83CC4}.Release|Any CPU.ActiveCfg = Release|Any CPU
		{D768E5ED-3AEC-46AF-9DF4-5B01DAF83CC4}.Release|Any CPU.Build.0 = Release|Any CPU
		{D768E5ED-3AEC-46AF-9DF4-5B01DAF83CC4}.Release|x64.ActiveCfg = Release|Any CPU
		{D768E5ED-3AEC-46AF-9DF4-5B01DAF83CC4}.Release|x64.Build.0 = Release|Any CPU
		{D768E5ED-3AEC-46AF-9DF4-5B01DAF83CC4}.Release|x86.ActiveCfg = Release|Any CPU
		{D768E5ED-3AEC-46AF-9DF4-5B01DAF83CC4}.Release|x86.Build.0 = Release|Any CPU
		{A3E8A044-2549-47F2-AECB-B9DEB64031FF}.Debug|Any CPU.ActiveCfg = Debug|Any CPU
		{A3E8A044-2549-47F2-AECB-B9DEB64031FF}.Debug|Any CPU.Build.0 = Debug|Any CPU
		{A3E8A044-2549-47F2-AECB-B9DEB64031FF}.Debug|x64.ActiveCfg = Debug|Any CPU
		{A3E8A044-2549-47F2-AECB-B9DEB64031FF}.Debug|x64.Build.0 = Debug|Any CPU
		{A3E8A044-2549-47F2-AECB-B9DEB64031FF}.Debug|x86.ActiveCfg = Debug|Any CPU
		{A3E8A044-2549-47F2-AECB-B9DEB64031FF}.Debug|x86.Build.0 = Debug|Any CPU
		{A3E8A044-2549-47F2-AECB-B9DEB64031FF}.Release|Any CPU.ActiveCfg = Release|Any CPU
		{A3E8A044-2549-47F2-AECB-B9DEB64031FF}.Release|Any CPU.Build.0 = Release|Any CPU
		{A3E8A044-2549-47F2-AECB-B9DEB64031FF}.Release|x64.ActiveCfg = Release|Any CPU
		{A3E8A044-2549-47F2-AECB-B9DEB64031FF}.Release|x64.Build.0 = Release|Any CPU
		{A3E8A044-2549-47F2-AECB-B9DEB64031FF}.Release|x86.ActiveCfg = Release|Any CPU
		{A3E8A044-2549-47F2-AECB-B9DEB64031FF}.Release|x86.Build.0 = Release|Any CPU
		{E1890E88-596F-4B02-8274-F412CE40C4D5}.Debug|Any CPU.ActiveCfg = Debug|Any CPU
		{E1890E88-596F-4B02-8274-F412CE40C4D5}.Debug|Any CPU.Build.0 = Debug|Any CPU
		{E1890E88-596F-4B02-8274-F412CE40C4D5}.Debug|x64.ActiveCfg = Debug|Any CPU
		{E1890E88-596F-4B02-8274-F412CE40C4D5}.Debug|x64.Build.0 = Debug|Any CPU
		{E1890E88-596F-4B02-8274-F412CE40C4D5}.Debug|x86.ActiveCfg = Debug|Any CPU
		{E1890E88-596F-4B02-8274-F412CE40C4D5}.Debug|x86.Build.0 = Debug|Any CPU
		{E1890E88-596F-4B02-8274-F412CE40C4D5}.Release|Any CPU.ActiveCfg = Release|Any CPU
		{E1890E88-596F-4B02-8274-F412CE40C4D5}.Release|Any CPU.Build.0 = Release|Any CPU
		{E1890E88-596F-4B02-8274-F412CE40C4D5}.Release|x64.ActiveCfg = Release|Any CPU
		{E1890E88-596F-4B02-8274-F412CE40C4D5}.Release|x64.Build.0 = Release|Any CPU
		{E1890E88-596F-4B02-8274-F412CE40C4D5}.Release|x86.ActiveCfg = Release|Any CPU
		{E1890E88-596F-4B02-8274-F412CE40C4D5}.Release|x86.Build.0 = Release|Any CPU
		{46D68F96-682F-4E68-B02F-6744BA7A64B9}.Debug|Any CPU.ActiveCfg = Debug|Any CPU
		{46D68F96-682F-4E68-B02F-6744BA7A64B9}.Debug|Any CPU.Build.0 = Debug|Any CPU
		{46D68F96-682F-4E68-B02F-6744BA7A64B9}.Debug|x64.ActiveCfg = Debug|Any CPU
		{46D68F96-682F-4E68-B02F-6744BA7A64B9}.Debug|x64.Build.0 = Debug|Any CPU
		{46D68F96-682F-4E68-B02F-6744BA7A64B9}.Debug|x86.ActiveCfg = Debug|Any CPU
		{46D68F96-682F-4E68-B02F-6744BA7A64B9}.Debug|x86.Build.0 = Debug|Any CPU
		{46D68F96-682F-4E68-B02F-6744BA7A64B9}.Release|Any CPU.ActiveCfg = Release|Any CPU
		{46D68F96-682F-4E68-B02F-6744BA7A64B9}.Release|Any CPU.Build.0 = Release|Any CPU
		{46D68F96-682F-4E68-B02F-6744BA7A64B9}.Release|x64.ActiveCfg = Release|Any CPU
		{46D68F96-682F-4E68-B02F-6744BA7A64B9}.Release|x64.Build.0 = Release|Any CPU
		{46D68F96-682F-4E68-B02F-6744BA7A64B9}.Release|x86.ActiveCfg = Release|Any CPU
		{46D68F96-682F-4E68-B02F-6744BA7A64B9}.Release|x86.Build.0 = Release|Any CPU
		{B8328CB4-4C6A-4D4A-BDB2-3E42AD569104}.Debug|Any CPU.ActiveCfg = Debug|Any CPU
		{B8328CB4-4C6A-4D4A-BDB2-3E42AD569104}.Debug|Any CPU.Build.0 = Debug|Any CPU
		{B8328CB4-4C6A-4D4A-BDB2-3E42AD569104}.Debug|x64.ActiveCfg = Debug|Any CPU
		{B8328CB4-4C6A-4D4A-BDB2-3E42AD569104}.Debug|x64.Build.0 = Debug|Any CPU
		{B8328CB4-4C6A-4D4A-BDB2-3E42AD569104}.Debug|x86.ActiveCfg = Debug|Any CPU
		{B8328CB4-4C6A-4D4A-BDB2-3E42AD569104}.Debug|x86.Build.0 = Debug|Any CPU
		{B8328CB4-4C6A-4D4A-BDB2-3E42AD569104}.Release|Any CPU.ActiveCfg = Release|Any CPU
		{B8328CB4-4C6A-4D4A-BDB2-3E42AD569104}.Release|Any CPU.Build.0 = Release|Any CPU
		{B8328CB4-4C6A-4D4A-BDB2-3E42AD569104}.Release|x64.ActiveCfg = Release|Any CPU
		{B8328CB4-4C6A-4D4A-BDB2-3E42AD569104}.Release|x64.Build.0 = Release|Any CPU
		{B8328CB4-4C6A-4D4A-BDB2-3E42AD569104}.Release|x86.ActiveCfg = Release|Any CPU
		{B8328CB4-4C6A-4D4A-BDB2-3E42AD569104}.Release|x86.Build.0 = Release|Any CPU
		{D3C09F2C-DA26-44A7-85CD-11EFB5AAD8EF}.Debug|Any CPU.ActiveCfg = Debug|Any CPU
		{D3C09F2C-DA26-44A7-85CD-11EFB5AAD8EF}.Debug|Any CPU.Build.0 = Debug|Any CPU
		{D3C09F2C-DA26-44A7-85CD-11EFB5AAD8EF}.Debug|x64.ActiveCfg = Debug|Any CPU
		{D3C09F2C-DA26-44A7-85CD-11EFB5AAD8EF}.Debug|x64.Build.0 = Debug|Any CPU
		{D3C09F2C-DA26-44A7-85CD-11EFB5AAD8EF}.Debug|x86.ActiveCfg = Debug|Any CPU
		{D3C09F2C-DA26-44A7-85CD-11EFB5AAD8EF}.Debug|x86.Build.0 = Debug|Any CPU
		{D3C09F2C-DA26-44A7-85CD-11EFB5AAD8EF}.Release|Any CPU.ActiveCfg = Release|Any CPU
		{D3C09F2C-DA26-44A7-85CD-11EFB5AAD8EF}.Release|Any CPU.Build.0 = Release|Any CPU
		{D3C09F2C-DA26-44A7-85CD-11EFB5AAD8EF}.Release|x64.ActiveCfg = Release|Any CPU
		{D3C09F2C-DA26-44A7-85CD-11EFB5AAD8EF}.Release|x64.Build.0 = Release|Any CPU
		{D3C09F2C-DA26-44A7-85CD-11EFB5AAD8EF}.Release|x86.ActiveCfg = Release|Any CPU
		{D3C09F2C-DA26-44A7-85CD-11EFB5AAD8EF}.Release|x86.Build.0 = Release|Any CPU
		{EBFECD67-E969-4CBC-8E88-961F0414B65A}.Debug|Any CPU.ActiveCfg = Debug|Any CPU
		{EBFECD67-E969-4CBC-8E88-961F0414B65A}.Debug|Any CPU.Build.0 = Debug|Any CPU
		{EBFECD67-E969-4CBC-8E88-961F0414B65A}.Debug|x64.ActiveCfg = Debug|Any CPU
		{EBFECD67-E969-4CBC-8E88-961F0414B65A}.Debug|x64.Build.0 = Debug|Any CPU
		{EBFECD67-E969-4CBC-8E88-961F0414B65A}.Debug|x86.ActiveCfg = Debug|Any CPU
		{EBFECD67-E969-4CBC-8E88-961F0414B65A}.Debug|x86.Build.0 = Debug|Any CPU
		{EBFECD67-E969-4CBC-8E88-961F0414B65A}.Release|Any CPU.ActiveCfg = Release|Any CPU
		{EBFECD67-E969-4CBC-8E88-961F0414B65A}.Release|Any CPU.Build.0 = Release|Any CPU
		{EBFECD67-E969-4CBC-8E88-961F0414B65A}.Release|x64.ActiveCfg = Release|Any CPU
		{EBFECD67-E969-4CBC-8E88-961F0414B65A}.Release|x64.Build.0 = Release|Any CPU
		{EBFECD67-E969-4CBC-8E88-961F0414B65A}.Release|x86.ActiveCfg = Release|Any CPU
		{EBFECD67-E969-4CBC-8E88-961F0414B65A}.Release|x86.Build.0 = Release|Any CPU
		{45AFF465-2C24-43A5-BE60-D42FDCB9C036}.Debug|Any CPU.ActiveCfg = Debug|Any CPU
		{45AFF465-2C24-43A5-BE60-D42FDCB9C036}.Debug|Any CPU.Build.0 = Debug|Any CPU
		{45AFF465-2C24-43A5-BE60-D42FDCB9C036}.Debug|x64.ActiveCfg = Debug|Any CPU
		{45AFF465-2C24-43A5-BE60-D42FDCB9C036}.Debug|x64.Build.0 = Debug|Any CPU
		{45AFF465-2C24-43A5-BE60-D42FDCB9C036}.Debug|x86.ActiveCfg = Debug|Any CPU
		{45AFF465-2C24-43A5-BE60-D42FDCB9C036}.Debug|x86.Build.0 = Debug|Any CPU
		{45AFF465-2C24-43A5-BE60-D42FDCB9C036}.Release|Any CPU.ActiveCfg = Release|Any CPU
		{45AFF465-2C24-43A5-BE60-D42FDCB9C036}.Release|Any CPU.Build.0 = Release|Any CPU
		{45AFF465-2C24-43A5-BE60-D42FDCB9C036}.Release|x64.ActiveCfg = Release|Any CPU
		{45AFF465-2C24-43A5-BE60-D42FDCB9C036}.Release|x64.Build.0 = Release|Any CPU
		{45AFF465-2C24-43A5-BE60-D42FDCB9C036}.Release|x86.ActiveCfg = Release|Any CPU
		{45AFF465-2C24-43A5-BE60-D42FDCB9C036}.Release|x86.Build.0 = Release|Any CPU
		{D8905DF7-3820-4D0F-841D-C42D5195821B}.Debug|Any CPU.ActiveCfg = Debug|Any CPU
		{D8905DF7-3820-4D0F-841D-C42D5195821B}.Debug|Any CPU.Build.0 = Debug|Any CPU
		{D8905DF7-3820-4D0F-841D-C42D5195821B}.Debug|x64.ActiveCfg = Debug|Any CPU
		{D8905DF7-3820-4D0F-841D-C42D5195821B}.Debug|x64.Build.0 = Debug|Any CPU
		{D8905DF7-3820-4D0F-841D-C42D5195821B}.Debug|x86.ActiveCfg = Debug|Any CPU
		{D8905DF7-3820-4D0F-841D-C42D5195821B}.Debug|x86.Build.0 = Debug|Any CPU
		{D8905DF7-3820-4D0F-841D-C42D5195821B}.Release|Any CPU.ActiveCfg = Release|Any CPU
		{D8905DF7-3820-4D0F-841D-C42D5195821B}.Release|Any CPU.Build.0 = Release|Any CPU
		{D8905DF7-3820-4D0F-841D-C42D5195821B}.Release|x64.ActiveCfg = Release|Any CPU
		{D8905DF7-3820-4D0F-841D-C42D5195821B}.Release|x64.Build.0 = Release|Any CPU
		{D8905DF7-3820-4D0F-841D-C42D5195821B}.Release|x86.ActiveCfg = Release|Any CPU
		{D8905DF7-3820-4D0F-841D-C42D5195821B}.Release|x86.Build.0 = Release|Any CPU
		{D1A08F99-96CD-4505-9875-B06C50E114D4}.Debug|Any CPU.ActiveCfg = Debug|Any CPU
		{D1A08F99-96CD-4505-9875-B06C50E114D4}.Debug|Any CPU.Build.0 = Debug|Any CPU
		{D1A08F99-96CD-4505-9875-B06C50E114D4}.Debug|x64.ActiveCfg = Debug|Any CPU
		{D1A08F99-96CD-4505-9875-B06C50E114D4}.Debug|x64.Build.0 = Debug|Any CPU
		{D1A08F99-96CD-4505-9875-B06C50E114D4}.Debug|x86.ActiveCfg = Debug|Any CPU
		{D1A08F99-96CD-4505-9875-B06C50E114D4}.Debug|x86.Build.0 = Debug|Any CPU
		{D1A08F99-96CD-4505-9875-B06C50E114D4}.Release|Any CPU.ActiveCfg = Release|Any CPU
		{D1A08F99-96CD-4505-9875-B06C50E114D4}.Release|Any CPU.Build.0 = Release|Any CPU
		{D1A08F99-96CD-4505-9875-B06C50E114D4}.Release|x64.ActiveCfg = Release|Any CPU
		{D1A08F99-96CD-4505-9875-B06C50E114D4}.Release|x64.Build.0 = Release|Any CPU
		{D1A08F99-96CD-4505-9875-B06C50E114D4}.Release|x86.ActiveCfg = Release|Any CPU
		{D1A08F99-96CD-4505-9875-B06C50E114D4}.Release|x86.Build.0 = Release|Any CPU
		{EACE01D2-00D7-4A58-91CC-97D4E8013210}.Debug|Any CPU.ActiveCfg = Debug|Any CPU
		{EACE01D2-00D7-4A58-91CC-97D4E8013210}.Debug|Any CPU.Build.0 = Debug|Any CPU
		{EACE01D2-00D7-4A58-91CC-97D4E8013210}.Debug|x64.ActiveCfg = Debug|Any CPU
		{EACE01D2-00D7-4A58-91CC-97D4E8013210}.Debug|x64.Build.0 = Debug|Any CPU
		{EACE01D2-00D7-4A58-91CC-97D4E8013210}.Debug|x86.ActiveCfg = Debug|Any CPU
		{EACE01D2-00D7-4A58-91CC-97D4E8013210}.Debug|x86.Build.0 = Debug|Any CPU
		{EACE01D2-00D7-4A58-91CC-97D4E8013210}.Release|Any CPU.ActiveCfg = Release|Any CPU
		{EACE01D2-00D7-4A58-91CC-97D4E8013210}.Release|Any CPU.Build.0 = Release|Any CPU
		{EACE01D2-00D7-4A58-91CC-97D4E8013210}.Release|x64.ActiveCfg = Release|Any CPU
		{EACE01D2-00D7-4A58-91CC-97D4E8013210}.Release|x64.Build.0 = Release|Any CPU
		{EACE01D2-00D7-4A58-91CC-97D4E8013210}.Release|x86.ActiveCfg = Release|Any CPU
		{EACE01D2-00D7-4A58-91CC-97D4E8013210}.Release|x86.Build.0 = Release|Any CPU
	EndGlobalSection
EndGlobal
