
Microsoft Visual Studio Solution File, Format Version 12.00
# Visual Studio Version 16
VisualStudioVersion = 16.0.30114.105
MinimumVisualStudioVersion = 10.0.40219.1
Project("{FAE04EC0-301F-11D3-BF4B-00C04F79EFBC}") = "Factory Method", "Factory Method\Factory Method.csproj", "{2DFB2F1C-46A1-44B9-B1B2-BC48EBD97C89}"
EndProject
Project("{FAE04EC0-301F-11D3-BF4B-00C04F79EFBC}") = "Abstract Factory", "Abstract Factory\Abstract Factory.csproj", "{CE28EFE8-5389-4436-A3E0-3D6AD0B721B0}"
EndProject
Project("{FAE04EC0-301F-11D3-BF4B-00C04F79EFBC}") = "Singleton", "Singleton\Singleton.csproj", "{AE7994ED-812A-435E-B05C-DD7104573949}"
EndProject
Project("{FAE04EC0-301F-11D3-BF4B-00C04F79EFBC}") = "Builder", "Builder\Builder.csproj", "{FF132C4A-5256-44BB-AEAD-012645F61A91}"
EndProject
Project("{FAE04EC0-301F-11D3-BF4B-00C04F79EFBC}") = "Prototype", "Prototype\Prototype.csproj", "{D768E5ED-3AEC-46AF-9DF4-5B01DAF83CC4}"
EndProject
Project("{FAE04EC0-301F-11D3-BF4B-00C04F79EFBC}") = "Adapter", "Adapter\Adapter.csproj", "{A3E8A044-2549-47F2-AECB-B9DEB64031FF}"
EndProject
Project("{FAE04EC0-301F-11D3-BF4B-00C04F79EFBC}") = "Flyweight", "Flyweight\Flyweight.csproj", "{E1890E88-596F-4B02-8274-F412CE40C4D5}"
EndProject
Global
	GlobalSection(SolutionConfigurationPlatforms) = preSolution
		Debug|Any CPU = Debug|Any CPU
		Debug|x64 = Debug|x64
		Debug|x86 = Debug|x86
		Release|Any CPU = Release|Any CPU
		Release|x64 = Release|x64
		Release|x86 = Release|x86
	EndGlobalSection
	GlobalSection(SolutionProperties) = preSolution
		HideSolutionNode = FALSE
	EndGlobalSection
	GlobalSection(ProjectConfigurationPlatforms) = postSolution
		{2DFB2F1C-46A1-44B9-B1B2-BC48EBD97C89}.Debug|Any CPU.ActiveCfg = Debug|Any CPU
		{2DFB2F1C-46A1-44B9-B1B2-BC48EBD97C89}.Debug|Any CPU.Build.0 = Debug|Any CPU
		{2DFB2F1C-46A1-44B9-B1B2-BC48EBD97C89}.Debug|x64.ActiveCfg = Debug|Any CPU
		{2DFB2F1C-46A1-44B9-B1B2-BC48EBD97C89}.Debug|x64.Build.0 = Debug|Any CPU
		{2DFB2F1C-46A1-44B9-B1B2-BC48EBD97C89}.Debug|x86.ActiveCfg = Debug|Any CPU
		{2DFB2F1C-46A1-44B9-B1B2-BC48EBD97C89}.Debug|x86.Build.0 = Debug|Any CPU
		{2DFB2F1C-46A1-44B9-B1B2-BC48EBD97C89}.Release|Any CPU.ActiveCfg = Release|Any CPU
		{2DFB2F1C-46A1-44B9-B1B2-BC48EBD97C89}.Release|Any CPU.Build.0 = Release|Any CPU
		{2DFB2F1C-46A1-44B9-B1B2-BC48EBD97C89}.Release|x64.ActiveCfg = Release|Any CPU
		{2DFB2F1C-46A1-44B9-B1B2-BC48EBD97C89}.Release|x64.Build.0 = Release|Any CPU
		{2DFB2F1C-46A1-44B9-B1B2-BC48EBD97C89}.Release|x86.ActiveCfg = Release|Any CPU
		{2DFB2F1C-46A1-44B9-B1B2-BC48EBD97C89}.Release|x86.Build.0 = Release|Any CPU
		{CE28EFE8-5389-4436-A3E0-3D6AD0B721B0}.Debug|Any CPU.ActiveCfg = Debug|Any CPU
		{CE28EFE8-5389-4436-A3E0-3D6AD0B721B0}.Debug|Any CPU.Build.0 = Debug|Any CPU
		{CE28EFE8-5389-4436-A3E0-3D6AD0B721B0}.Debug|x64.ActiveCfg = Debug|Any CPU
		{CE28EFE8-5389-4436-A3E0-3D6AD0B721B0}.Debug|x64.Build.0 = Debug|Any CPU
		{CE28EFE8-5389-4436-A3E0-3D6AD0B721B0}.Debug|x86.ActiveCfg = Debug|Any CPU
		{CE28EFE8-5389-4436-A3E0-3D6AD0B721B0}.Debug|x86.Build.0 = Debug|Any CPU
		{CE28EFE8-5389-4436-A3E0-3D6AD0B721B0}.Release|Any CPU.ActiveCfg = Release|Any CPU
		{CE28EFE8-5389-4436-A3E0-3D6AD0B721B0}.Release|Any CPU.Build.0 = Release|Any CPU
		{CE28EFE8-5389-4436-A3E0-3D6AD0B721B0}.Release|x64.ActiveCfg = Release|Any CPU
		{CE28EFE8-5389-4436-A3E0-3D6AD0B721B0}.Release|x64.Build.0 = Release|Any CPU
		{CE28EFE8-5389-4436-A3E0-3D6AD0B721B0}.Release|x86.ActiveCfg = Release|Any CPU
		{CE28EFE8-5389-4436-A3E0-3D6AD0B721B0}.Release|x86.Build.0 = Release|Any CPU
		{AE7994ED-812A-435E-B05C-DD7104573949}.Debug|Any CPU.ActiveCfg = Debug|Any CPU
		{AE7994ED-812A-435E-B05C-DD7104573949}.Debug|Any CPU.Build.0 = Debug|Any CPU
		{AE7994ED-812A-435E-B05C-DD7104573949}.Debug|x64.ActiveCfg = Debug|Any CPU
		{AE7994ED-812A-435E-B05C-DD7104573949}.Debug|x64.Build.0 = Debug|Any CPU
		{AE7994ED-812A-435E-B05C-DD7104573949}.Debug|x86.ActiveCfg = Debug|Any CPU
		{AE7994ED-812A-435E-B05C-DD7104573949}.Debug|x86.Build.0 = Debug|Any CPU
		{AE7994ED-812A-435E-B05C-DD7104573949}.Release|Any CPU.ActiveCfg = Release|Any CPU
		{AE7994ED-812A-435E-B05C-DD7104573949}.Release|Any CPU.Build.0 = Release|Any CPU
		{AE7994ED-812A-435E-B05C-DD7104573949}.Release|x64.ActiveCfg = Release|Any CPU
		{AE7994ED-812A-435E-B05C-DD7104573949}.Release|x64.Build.0 = Release|Any CPU
		{AE7994ED-812A-435E-B05C-DD7104573949}.Release|x86.ActiveCfg = Release|Any CPU
		{AE7994ED-812A-435E-B05C-DD7104573949}.Release|x86.Build.0 = Release|Any CPU
		{FF132C4A-5256-44BB-AEAD-012645F61A91}.Debug|Any CPU.ActiveCfg = Debug|Any CPU
		{FF132C4A-5256-44BB-AEAD-012645F61A91}.Debug|Any CPU.Build.0 = Debug|Any CPU
		{FF132C4A-5256-44BB-AEAD-012645F61A91}.Debug|x64.ActiveCfg = Debug|Any CPU
		{FF132C4A-5256-44BB-AEAD-012645F61A91}.Debug|x64.Build.0 = Debug|Any CPU
		{FF132C4A-5256-44BB-AEAD-012645F61A91}.Debug|x86.ActiveCfg = Debug|Any CPU
		{FF132C4A-5256-44BB-AEAD-012645F61A91}.Debug|x86.Build.0 = Debug|Any CPU
		{FF132C4A-5256-44BB-AEAD-012645F61A91}.Release|Any CPU.ActiveCfg = Release|Any CPU
		{FF132C4A-5256-44BB-AEAD-012645F61A91}.Release|Any CPU.Build.0 = Release|Any CPU
		{FF132C4A-5256-44BB-AEAD-012645F61A91}.Release|x64.ActiveCfg = Release|Any CPU
		{FF132C4A-5256-44BB-AEAD-012645F61A91}.Release|x64.Build.0 = Release|Any CPU
		{FF132C4A-5256-44BB-AEAD-012645F61A91}.Release|x86.ActiveCfg = Release|Any CPU
		{FF132C4A-5256-44BB-AEAD-012645F61A91}.Release|x86.Build.0 = Release|Any CPU
		{D768E5ED-3AEC-46AF-9DF4-5B01DAF83CC4}.Debug|Any CPU.ActiveCfg = Debug|Any CPU
		{D768E5ED-3AEC-46AF-9DF4-5B01DAF83CC4}.Debug|Any CPU.Build.0 = Debug|Any CPU
		{D768E5ED-3AEC-46AF-9DF4-5B01DAF83CC4}.Debug|x64.ActiveCfg = Debug|Any CPU
		{D768E5ED-3AEC-46AF-9DF4-5B01DAF83CC4}.Debug|x64.Build.0 = Debug|Any CPU
		{D768E5ED-3AEC-46AF-9DF4-5B01DAF83CC4}.Debug|x86.ActiveCfg = Debug|Any CPU
		{D768E5ED-3AEC-46AF-9DF4-5B01DAF83CC4}.Debug|x86.Build.0 = Debug|Any CPU
		{D768E5ED-3AEC-46AF-9DF4-5B01DAF83CC4}.Release|Any CPU.ActiveCfg = Release|Any CPU
		{D768E5ED-3AEC-46AF-9DF4-5B01DAF83CC4}.Release|Any CPU.Build.0 = Release|Any CPU
		{D768E5ED-3AEC-46AF-9DF4-5B01DAF83CC4}.Release|x64.ActiveCfg = Release|Any CPU
		{D768E5ED-3AEC-46AF-9DF4-5B01DAF83CC4}.Release|x64.Build.0 = Release|Any CPU
		{D768E5ED-3AEC-46AF-9DF4-5B01DAF83CC4}.Release|x86.ActiveCfg = Release|Any CPU
		{D768E5ED-3AEC-46AF-9DF4-5B01DAF83CC4}.Release|x86.Build.0 = Release|Any CPU
		{A3E8A044-2549-47F2-AECB-B9DEB64031FF}.Debug|Any CPU.ActiveCfg = Debug|Any CPU
		{A3E8A044-2549-47F2-AECB-B9DEB64031FF}.Debug|Any CPU.Build.0 = Debug|Any CPU
		{A3E8A044-2549-47F2-AECB-B9DEB64031FF}.Debug|x64.ActiveCfg = Debug|Any CPU
		{A3E8A044-2549-47F2-AECB-B9DEB64031FF}.Debug|x64.Build.0 = Debug|Any CPU
		{A3E8A044-2549-47F2-AECB-B9DEB64031FF}.Debug|x86.ActiveCfg = Debug|Any CPU
		{A3E8A044-2549-47F2-AECB-B9DEB64031FF}.Debug|x86.Build.0 = Debug|Any CPU
		{A3E8A044-2549-47F2-AECB-B9DEB64031FF}.Release|Any CPU.ActiveCfg = Release|Any CPU
		{A3E8A044-2549-47F2-AECB-B9DEB64031FF}.Release|Any CPU.Build.0 = Release|Any CPU
		{A3E8A044-2549-47F2-AECB-B9DEB64031FF}.Release|x64.ActiveCfg = Release|Any CPU
		{A3E8A044-2549-47F2-AECB-B9DEB64031FF}.Release|x64.Build.0 = Release|Any CPU
		{A3E8A044-2549-47F2-AECB-B9DEB64031FF}.Release|x86.ActiveCfg = Release|Any CPU
		{A3E8A044-2549-47F2-AECB-B9DEB64031FF}.Release|x86.Build.0 = Release|Any CPU
		{E1890E88-596F-4B02-8274-F412CE40C4D5}.Debug|Any CPU.ActiveCfg = Debug|Any CPU
		{E1890E88-596F-4B02-8274-F412CE40C4D5}.Debug|Any CPU.Build.0 = Debug|Any CPU
		{E1890E88-596F-4B02-8274-F412CE40C4D5}.Debug|x64.ActiveCfg = Debug|Any CPU
		{E1890E88-596F-4B02-8274-F412CE40C4D5}.Debug|x64.Build.0 = Debug|Any CPU
		{E1890E88-596F-4B02-8274-F412CE40C4D5}.Debug|x86.ActiveCfg = Debug|Any CPU
		{E1890E88-596F-4B02-8274-F412CE40C4D5}.Debug|x86.Build.0 = Debug|Any CPU
		{E1890E88-596F-4B02-8274-F412CE40C4D5}.Release|Any CPU.ActiveCfg = Release|Any CPU
		{E1890E88-596F-4B02-8274-F412CE40C4D5}.Release|Any CPU.Build.0 = Release|Any CPU
		{E1890E88-596F-4B02-8274-F412CE40C4D5}.Release|x64.ActiveCfg = Release|Any CPU
		{E1890E88-596F-4B02-8274-F412CE40C4D5}.Release|x64.Build.0 = Release|Any CPU
		{E1890E88-596F-4B02-8274-F412CE40C4D5}.Release|x86.ActiveCfg = Release|Any CPU
		{E1890E88-596F-4B02-8274-F412CE40C4D5}.Release|x86.Build.0 = Release|Any CPU
	EndGlobalSection
EndGlobal
